
Microsoft Visual Studio Solution File, Format Version 12.00
# Visual Studio Version 16
VisualStudioVersion = 16.0.31424.327
MinimumVisualStudioVersion = 10.0.40219.1
Project("{FAE04EC0-301F-11D3-BF4B-00C04F79EFBC}") = "Ziggle.WebSite", "src\Ziggle.WebSite\Ziggle.WebSite.csproj", "{8097C16A-E88E-4146-9F2C-B9D21472D2E2}"
EndProject
Project("{FAE04EC0-301F-11D3-BF4B-00C04F79EFBC}") = "Ziggle.Business", "src\Ziggle.Business\Ziggle.Business.csproj", "{449AABD2-2A8F-4D77-B0FE-DA04545E3C6D}"
EndProject
Project("{FAE04EC0-301F-11D3-BF4B-00C04F79EFBC}") = "Ziggle.Repository", "src\Ziggle.Repository\Ziggle.Repository.csproj", "{3AA424D3-77CE-4770-8C50-46E166882703}"
EndProject
Project("{FAE04EC0-301F-11D3-BF4B-00C04F79EFBC}") = "Ziggle.ProductDatabase", "src\Ziggle.ProductDatabase\Ziggle.ProductDatabase.csproj", "{E14EADE8-EB2B-43AD-B4AA-852007B76DD0}"
EndProject
Global
	GlobalSection(SolutionConfigurationPlatforms) = preSolution
		Debug|Any CPU = Debug|Any CPU
		Release|Any CPU = Release|Any CPU
	EndGlobalSection
	GlobalSection(ProjectConfigurationPlatforms) = postSolution
		{8097C16A-E88E-4146-9F2C-B9D21472D2E2}.Debug|Any CPU.ActiveCfg = Debug|Any CPU
		{8097C16A-E88E-4146-9F2C-B9D21472D2E2}.Debug|Any CPU.Build.0 = Debug|Any CPU
		{8097C16A-E88E-4146-9F2C-B9D21472D2E2}.Release|Any CPU.ActiveCfg = Release|Any CPU
		{8097C16A-E88E-4146-9F2C-B9D21472D2E2}.Release|Any CPU.Build.0 = Release|Any CPU
		{449AABD2-2A8F-4D77-B0FE-DA04545E3C6D}.Debug|Any CPU.ActiveCfg = Debug|Any CPU
		{449AABD2-2A8F-4D77-B0FE-DA04545E3C6D}.Debug|Any CPU.Build.0 = Debug|Any CPU
		{449AABD2-2A8F-4D77-B0FE-DA04545E3C6D}.Release|Any CPU.ActiveCfg = Release|Any CPU
		{449AABD2-2A8F-4D77-B0FE-DA04545E3C6D}.Release|Any CPU.Build.0 = Release|Any CPU
		{3AA424D3-77CE-4770-8C50-46E166882703}.Debug|Any CPU.ActiveCfg = Debug|Any CPU
		{3AA424D3-77CE-4770-8C50-46E166882703}.Debug|Any CPU.Build.0 = Debug|Any CPU
		{3AA424D3-77CE-4770-8C50-46E166882703}.Release|Any CPU.ActiveCfg = Release|Any CPU
		{3AA424D3-77CE-4770-8C50-46E166882703}.Release|Any CPU.Build.0 = Release|Any CPU
		{E14EADE8-EB2B-43AD-B4AA-852007B76DD0}.Debug|Any CPU.ActiveCfg = Debug|Any CPU
		{E14EADE8-EB2B-43AD-B4AA-852007B76DD0}.Debug|Any CPU.Build.0 = Debug|Any CPU
		{E14EADE8-EB2B-43AD-B4AA-852007B76DD0}.Release|Any CPU.ActiveCfg = Release|Any CPU
		{E14EADE8-EB2B-43AD-B4AA-852007B76DD0}.Release|Any CPU.Build.0 = Release|Any CPU
	EndGlobalSection
	GlobalSection(SolutionProperties) = preSolution
		HideSolutionNode = FALSE
	EndGlobalSection
	GlobalSection(ExtensibilityGlobals) = postSolution
		SolutionGuid = {3AC8EB22-6F74-4802-97DD-C7125A3A5504}
	EndGlobalSection
EndGlobal
